
Microsoft Visual Studio Solution File, Format Version 11.00
# Visual Studio 2010
Project("{E24C65DC-7377-472B-9ABA-BC803B73C61A}") = "Website", "Website\", "{A4F7B422-F5C3-46C1-A41F-4D63CA9EC98F}"
	ProjectSection(WebsiteProperties) = preProject
		SccProjectName = ""
		SccAuxPath = ""
		SccLocalPath = ""
		SccProvider = ""
		TargetFrameworkMoniker = ".NETFramework,Version%3Dv4.0"
		ProjectReferences = "{ABDC69F9-118F-41DB-BB00-C8894D03EBFD}|Irmac.MailingCycle.BLLServiceLoader.dll;{A1FF0826-B957-4ECD-A783-5B83B1D7CF34}|Irmac.MailingCycle.DAL.dll;{53626966-89C4-43A2-8A56-8E71A75C7CB0}|Irmac.MailingCycle.BLL.dll;{D95C0921-B1A3-4F82-B0AF-B8EA11B4852D}|TemplateParser.dll;{15F3F69E-3C44-4EA5-8655-03461227FCC0}|Irmac.MailingCycle.IDAL.dll;{3F377FBE-9FD7-4902-929A-C4C782324383}|Irmac.MailingCycle.Model.dll;{62949EAE-1DBB-436D-B319-DB225C67A4A4}|Irmac.MailingCycle.DALFactory.dll;"
		Debug.AspNetCompiler.VirtualPath = "/Website"
		Debug.AspNetCompiler.PhysicalPath = "Website\"
		Debug.AspNetCompiler.TargetPath = "PrecompiledWeb\Website\"
		Debug.AspNetCompiler.Updateable = "true"
		Debug.AspNetCompiler.ForceOverwrite = "true"
		Debug.AspNetCompiler.FixedNames = "false"
		Debug.AspNetCompiler.Debug = "True"
		Release.AspNetCompiler.VirtualPath = "/Website"
		Release.AspNetCompiler.PhysicalPath = "Website\"
		Release.AspNetCompiler.TargetPath = "PrecompiledWeb\Website\"
		Release.AspNetCompiler.Updateable = "true"
		Release.AspNetCompiler.ForceOverwrite = "true"
		Release.AspNetCompiler.FixedNames = "false"
		Release.AspNetCompiler.Debug = "False"
		VWDPort = "3203"
		DefaultWebSiteLanguage = "Visual C#"
	EndProjectSection
EndProject
Project("{FAE04EC0-301F-11D3-BF4B-00C04F79EFBC}") = "Model", "Model\Model.csproj", "{3F377FBE-9FD7-4902-929A-C4C782324383}"
EndProject
Project("{FAE04EC0-301F-11D3-BF4B-00C04F79EFBC}") = "IDAL", "IDAL\IDAL.csproj", "{15F3F69E-3C44-4EA5-8655-03461227FCC0}"
EndProject
Project("{FAE04EC0-301F-11D3-BF4B-00C04F79EFBC}") = "DAL", "DAL\DAL.csproj", "{A1FF0826-B957-4ECD-A783-5B83B1D7CF34}"
EndProject
Project("{FAE04EC0-301F-11D3-BF4B-00C04F79EFBC}") = "DALFactory", "DALFactory\DALFactory.csproj", "{62949EAE-1DBB-436D-B319-DB225C67A4A4}"
EndProject
Project("{FAE04EC0-301F-11D3-BF4B-00C04F79EFBC}") = "BLL", "BLL\BLL.csproj", "{53626966-89C4-43A2-8A56-8E71A75C7CB0}"
EndProject
Project("{E24C65DC-7377-472B-9ABA-BC803B73C61A}") = "BLLService", "BLLService\", "{8B26E760-7A5D-4436-8933-B058E303C624}"
	ProjectSection(WebsiteProperties) = preProject
		SccProjectName = ""
		SccAuxPath = ""
		SccLocalPath = ""
		SccProvider = ""
		TargetFrameworkMoniker = ".NETFramework,Version%3Dv4.0"
		ProjectReferences = "{53626966-89C4-43A2-8A56-8E71A75C7CB0}|Irmac.MailingCycle.BLL.dll;{A1FF0826-B957-4ECD-A783-5B83B1D7CF34}|Irmac.MailingCycle.DAL.dll;{15F3F69E-3C44-4EA5-8655-03461227FCC0}|Irmac.MailingCycle.IDAL.dll;{3F377FBE-9FD7-4902-929A-C4C782324383}|Irmac.MailingCycle.Model.dll;{62949EAE-1DBB-436D-B319-DB225C67A4A4}|Irmac.MailingCycle.DALFactory.dll;"
		Debug.AspNetCompiler.VirtualPath = "/BLLService"
		Debug.AspNetCompiler.PhysicalPath = "BLLService\"
		Debug.AspNetCompiler.TargetPath = "PrecompiledWeb\BLLService\"
		Debug.AspNetCompiler.Updateable = "true"
		Debug.AspNetCompiler.ForceOverwrite = "true"
		Debug.AspNetCompiler.FixedNames = "false"
		Debug.AspNetCompiler.Debug = "True"
		Release.AspNetCompiler.VirtualPath = "/BLLService"
		Release.AspNetCompiler.PhysicalPath = "BLLService\"
		Release.AspNetCompiler.TargetPath = "PrecompiledWeb\BLLService\"
		Release.AspNetCompiler.Updateable = "true"
		Release.AspNetCompiler.ForceOverwrite = "true"
		Release.AspNetCompiler.FixedNames = "false"
		Release.AspNetCompiler.Debug = "False"
		VWDPort = "3207"
		DefaultWebSiteLanguage = "Visual C#"
	EndProjectSection
EndProject
Project("{FAE04EC0-301F-11D3-BF4B-00C04F79EFBC}") = "BLLServiceLoader", "BLLServiceLoader\BLLServiceLoader.csproj", "{ABDC69F9-118F-41DB-BB00-C8894D03EBFD}"
EndProject
Project("{FAE04EC0-301F-11D3-BF4B-00C04F79EFBC}") = "TemplateParser", "TemplateParser\TemplateParser.csproj", "{D95C0921-B1A3-4F82-B0AF-B8EA11B4852D}"
EndProject
Global
	GlobalSection(SolutionConfigurationPlatforms) = preSolution
		Debug|.NET = Debug|.NET
		Debug|Any CPU = Debug|Any CPU
		Debug|Mixed Platforms = Debug|Mixed Platforms
		Release|.NET = Release|.NET
		Release|Any CPU = Release|Any CPU
		Release|Mixed Platforms = Release|Mixed Platforms
	EndGlobalSection
	GlobalSection(ProjectConfigurationPlatforms) = postSolution
		{A4F7B422-F5C3-46C1-A41F-4D63CA9EC98F}.Debug|.NET.ActiveCfg = Debug|.NET
		{A4F7B422-F5C3-46C1-A41F-4D63CA9EC98F}.Debug|.NET.Build.0 = Debug|.NET
		{A4F7B422-F5C3-46C1-A41F-4D63CA9EC98F}.Debug|Any CPU.ActiveCfg = Debug|.NET
		{A4F7B422-F5C3-46C1-A41F-4D63CA9EC98F}.Debug|Mixed Platforms.ActiveCfg = Debug|Any CPU
		{A4F7B422-F5C3-46C1-A41F-4D63CA9EC98F}.Debug|Mixed Platforms.Build.0 = Debug|Any CPU
		{A4F7B422-F5C3-46C1-A41F-4D63CA9EC98F}.Release|.NET.ActiveCfg = Debug|.NET
		{A4F7B422-F5C3-46C1-A41F-4D63CA9EC98F}.Release|.NET.Build.0 = Debug|.NET
		{A4F7B422-F5C3-46C1-A41F-4D63CA9EC98F}.Release|Any CPU.ActiveCfg = Debug|.NET
		{A4F7B422-F5C3-46C1-A41F-4D63CA9EC98F}.Release|Mixed Platforms.ActiveCfg = Debug|.NET
		{A4F7B422-F5C3-46C1-A41F-4D63CA9EC98F}.Release|Mixed Platforms.Build.0 = Debug|.NET
		{3F377FBE-9FD7-4902-929A-C4C782324383}.Debug|.NET.ActiveCfg = Debug|Any CPU
		{3F377FBE-9FD7-4902-929A-C4C782324383}.Debug|Any CPU.ActiveCfg = Debug|Any CPU
		{3F377FBE-9FD7-4902-929A-C4C782324383}.Debug|Any CPU.Build.0 = Debug|Any CPU
		{3F377FBE-9FD7-4902-929A-C4C782324383}.Debug|Mixed Platforms.ActiveCfg = Debug|Any CPU
		{3F377FBE-9FD7-4902-929A-C4C782324383}.Debug|Mixed Platforms.Build.0 = Debug|Any CPU
		{3F377FBE-9FD7-4902-929A-C4C782324383}.Release|.NET.ActiveCfg = Release|Any CPU
		{3F377FBE-9FD7-4902-929A-C4C782324383}.Release|Any CPU.ActiveCfg = Release|Any CPU
		{3F377FBE-9FD7-4902-929A-C4C782324383}.Release|Any CPU.Build.0 = Release|Any CPU
		{3F377FBE-9FD7-4902-929A-C4C782324383}.Release|Mixed Platforms.ActiveCfg = Release|Any CPU
		{3F377FBE-9FD7-4902-929A-C4C782324383}.Release|Mixed Platforms.Build.0 = Release|Any CPU
		{15F3F69E-3C44-4EA5-8655-03461227FCC0}.Debug|.NET.ActiveCfg = Debug|Any CPU
		{15F3F69E-3C44-4EA5-8655-03461227FCC0}.Debug|Any CPU.ActiveCfg = Debug|Any CPU
		{15F3F69E-3C44-4EA5-8655-03461227FCC0}.Debug|Any CPU.Build.0 = Debug|Any CPU
		{15F3F69E-3C44-4EA5-8655-03461227FCC0}.Debug|Mixed Platforms.ActiveCfg = Debug|Any CPU
		{15F3F69E-3C44-4EA5-8655-03461227FCC0}.Debug|Mixed Platforms.Build.0 = Debug|Any CPU
		{15F3F69E-3C44-4EA5-8655-03461227FCC0}.Release|.NET.ActiveCfg = Release|Any CPU
		{15F3F69E-3C44-4EA5-8655-03461227FCC0}.Release|Any CPU.ActiveCfg = Release|Any CPU
		{15F3F69E-3C44-4EA5-8655-03461227FCC0}.Release|Any CPU.Build.0 = Release|Any CPU
		{15F3F69E-3C44-4EA5-8655-03461227FCC0}.Release|Mixed Platforms.ActiveCfg = Release|Any CPU
		{15F3F69E-3C44-4EA5-8655-03461227FCC0}.Release|Mixed Platforms.Build.0 = Release|Any CPU
		{A1FF0826-B957-4ECD-A783-5B83B1D7CF34}.Debug|.NET.ActiveCfg = Debug|Any CPU
		{A1FF0826-B957-4ECD-A783-5B83B1D7CF34}.Debug|Any CPU.ActiveCfg = Debug|Any CPU
		{A1FF0826-B957-4ECD-A783-5B83B1D7CF34}.Debug|Any CPU.Build.0 = Debug|Any CPU
		{A1FF0826-B957-4ECD-A783-5B83B1D7CF34}.Debug|Mixed Platforms.ActiveCfg = Debug|Any CPU
		{A1FF0826-B957-4ECD-A783-5B83B1D7CF34}.Debug|Mixed Platforms.Build.0 = Debug|Any CPU
		{A1FF0826-B957-4ECD-A783-5B83B1D7CF34}.Release|.NET.ActiveCfg = Release|Any CPU
		{A1FF0826-B957-4ECD-A783-5B83B1D7CF34}.Release|Any CPU.ActiveCfg = Release|Any CPU
		{A1FF0826-B957-4ECD-A783-5B83B1D7CF34}.Release|Any CPU.Build.0 = Release|Any CPU
		{A1FF0826-B957-4ECD-A783-5B83B1D7CF34}.Release|Mixed Platforms.ActiveCfg = Release|Any CPU
		{A1FF0826-B957-4ECD-A783-5B83B1D7CF34}.Release|Mixed Platforms.Build.0 = Release|Any CPU
		{62949EAE-1DBB-436D-B319-DB225C67A4A4}.Debug|.NET.ActiveCfg = Debug|Any CPU
		{62949EAE-1DBB-436D-B319-DB225C67A4A4}.Debug|Any CPU.ActiveCfg = Debug|Any CPU
		{62949EAE-1DBB-436D-B319-DB225C67A4A4}.Debug|Any CPU.Build.0 = Debug|Any CPU
		{62949EAE-1DBB-436D-B319-DB225C67A4A4}.Debug|Mixed Platforms.ActiveCfg = Debug|Any CPU
		{62949EAE-1DBB-436D-B319-DB225C67A4A4}.Debug|Mixed Platforms.Build.0 = Debug|Any CPU
		{62949EAE-1DBB-436D-B319-DB225C67A4A4}.Release|.NET.ActiveCfg = Release|Any CPU
		{62949EAE-1DBB-436D-B319-DB225C67A4A4}.Release|Any CPU.ActiveCfg = Release|Any CPU
		{62949EAE-1DBB-436D-B319-DB225C67A4A4}.Release|Any CPU.Build.0 = Release|Any CPU
		{62949EAE-1DBB-436D-B319-DB225C67A4A4}.Release|Mixed Platforms.ActiveCfg = Release|Any CPU
		{62949EAE-1DBB-436D-B319-DB225C67A4A4}.Release|Mixed Platforms.Build.0 = Release|Any CPU
		{53626966-89C4-43A2-8A56-8E71A75C7CB0}.Debug|.NET.ActiveCfg = Debug|Any CPU
		{53626966-89C4-43A2-8A56-8E71A75C7CB0}.Debug|Any CPU.ActiveCfg = Debug|Any CPU
		{53626966-89C4-43A2-8A56-8E71A75C7CB0}.Debug|Any CPU.Build.0 = Debug|Any CPU
		{53626966-89C4-43A2-8A56-8E71A75C7CB0}.Debug|Mixed Platforms.ActiveCfg = Debug|Any CPU
		{53626966-89C4-43A2-8A56-8E71A75C7CB0}.Debug|Mixed Platforms.Build.0 = Debug|Any CPU
		{53626966-89C4-43A2-8A56-8E71A75C7CB0}.Release|.NET.ActiveCfg = Release|Any CPU
		{53626966-89C4-43A2-8A56-8E71A75C7CB0}.Release|Any CPU.ActiveCfg = Release|Any CPU
		{53626966-89C4-43A2-8A56-8E71A75C7CB0}.Release|Any CPU.Build.0 = Release|Any CPU
		{53626966-89C4-43A2-8A56-8E71A75C7CB0}.Release|Mixed Platforms.ActiveCfg = Release|Any CPU
		{53626966-89C4-43A2-8A56-8E71A75C7CB0}.Release|Mixed Platforms.Build.0 = Release|Any CPU
		{8B26E760-7A5D-4436-8933-B058E303C624}.Debug|.NET.ActiveCfg = Debug|.NET
		{8B26E760-7A5D-4436-8933-B058E303C624}.Debug|.NET.Build.0 = Debug|.NET
		{8B26E760-7A5D-4436-8933-B058E303C624}.Debug|Any CPU.ActiveCfg = Debug|.NET
		{8B26E760-7A5D-4436-8933-B058E303C624}.Debug|Mixed Platforms.ActiveCfg = Debug|Any CPU
		{8B26E760-7A5D-4436-8933-B058E303C624}.Debug|Mixed Platforms.Build.0 = Debug|Any CPU
		{8B26E760-7A5D-4436-8933-B058E303C624}.Release|.NET.ActiveCfg = Debug|.NET
		{8B26E760-7A5D-4436-8933-B058E303C624}.Release|.NET.Build.0 = Debug|.NET
		{8B26E760-7A5D-4436-8933-B058E303C624}.Release|Any CPU.ActiveCfg = Debug|.NET
		{8B26E760-7A5D-4436-8933-B058E303C624}.Release|Mixed Platforms.ActiveCfg = Debug|.NET
		{8B26E760-7A5D-4436-8933-B058E303C624}.Release|Mixed Platforms.Build.0 = Debug|.NET
		{ABDC69F9-118F-41DB-BB00-C8894D03EBFD}.Debug|.NET.ActiveCfg = Debug|Any CPU
		{ABDC69F9-118F-41DB-BB00-C8894D03EBFD}.Debug|Any CPU.ActiveCfg = Debug|Any CPU
		{ABDC69F9-118F-41DB-BB00-C8894D03EBFD}.Debug|Any CPU.Build.0 = Debug|Any CPU
		{ABDC69F9-118F-41DB-BB00-C8894D03EBFD}.Debug|Mixed Platforms.ActiveCfg = Debug|Any CPU
		{ABDC69F9-118F-41DB-BB00-C8894D03EBFD}.Debug|Mixed Platforms.Build.0 = Debug|Any CPU
		{ABDC69F9-118F-41DB-BB00-C8894D03EBFD}.Release|.NET.ActiveCfg = Release|Any CPU
		{ABDC69F9-118F-41DB-BB00-C8894D03EBFD}.Release|Any CPU.ActiveCfg = Release|Any CPU
		{ABDC69F9-118F-41DB-BB00-C8894D03EBFD}.Release|Any CPU.Build.0 = Release|Any CPU
		{ABDC69F9-118F-41DB-BB00-C8894D03EBFD}.Release|Mixed Platforms.ActiveCfg = Release|Any CPU
		{ABDC69F9-118F-41DB-BB00-C8894D03EBFD}.Release|Mixed Platforms.Build.0 = Release|Any CPU
		{D95C0921-B1A3-4F82-B0AF-B8EA11B4852D}.Debug|.NET.ActiveCfg = Debug|Any CPU
		{D95C0921-B1A3-4F82-B0AF-B8EA11B4852D}.Debug|Any CPU.ActiveCfg = Debug|Any CPU
		{D95C0921-B1A3-4F82-B0AF-B8EA11B4852D}.Debug|Any CPU.Build.0 = Debug|Any CPU
		{D95C0921-B1A3-4F82-B0AF-B8EA11B4852D}.Debug|Mixed Platforms.ActiveCfg = Debug|Any CPU
		{D95C0921-B1A3-4F82-B0AF-B8EA11B4852D}.Debug|Mixed Platforms.Build.0 = Debug|Any CPU
		{D95C0921-B1A3-4F82-B0AF-B8EA11B4852D}.Release|.NET.ActiveCfg = Release|Any CPU
		{D95C0921-B1A3-4F82-B0AF-B8EA11B4852D}.Release|Any CPU.ActiveCfg = Release|Any CPU
		{D95C0921-B1A3-4F82-B0AF-B8EA11B4852D}.Release|Any CPU.Build.0 = Release|Any CPU
		{D95C0921-B1A3-4F82-B0AF-B8EA11B4852D}.Release|Mixed Platforms.ActiveCfg = Release|Any CPU
		{D95C0921-B1A3-4F82-B0AF-B8EA11B4852D}.Release|Mixed Platforms.Build.0 = Release|Any CPU
	EndGlobalSection
	GlobalSection(SolutionProperties) = preSolution
		HideSolutionNode = FALSE
	EndGlobalSection
EndGlobal
